
Microsoft Visual Studio Solution File, Format Version 12.00
# Visual Studio Version 17
VisualStudioVersion = 17.5.33530.505
MinimumVisualStudioVersion = 10.0.40219.1
Project("{FAE04EC0-301F-11D3-BF4B-00C04F79EFBC}") = "TradingMenia", "TradingMenia\TradingMenia.csproj", "{D5601F5F-F556-4B6C-A3E8-FC2B8EC887D9}"
EndProject
Global
	GlobalSection(SolutionConfigurationPlatforms) = preSolution
		Debug|Any CPU = Debug|Any CPU
		Release|Any CPU = Release|Any CPU
	EndGlobalSection
	GlobalSection(ProjectConfigurationPlatforms) = postSolution
		{D5601F5F-F556-4B6C-A3E8-FC2B8EC887D9}.Debug|Any CPU.ActiveCfg = Debug|Any CPU
		{D5601F5F-F556-4B6C-A3E8-FC2B8EC887D9}.Debug|Any CPU.Build.0 = Debug|Any CPU
		{D5601F5F-F556-4B6C-A3E8-FC2B8EC887D9}.Release|Any CPU.ActiveCfg = Release|Any CPU
		{D5601F5F-F556-4B6C-A3E8-FC2B8EC887D9}.Release|Any CPU.Build.0 = Release|Any CPU
	EndGlobalSection
	GlobalSection(SolutionProperties) = preSolution
		HideSolutionNode = FALSE
	EndGlobalSection
	GlobalSection(ExtensibilityGlobals) = postSolution
		SolutionGuid = {76485443-171D-404E-B7F2-EE580358C06F}
	EndGlobalSection
EndGlobal
